
Microsoft Visual Studio Solution File, Format Version 12.00
# Visual Studio Version 17
VisualStudioVersion = 17.4.33205.214
MinimumVisualStudioVersion = 10.0.40219.1
Project("{9A19103F-16F7-4668-BE54-9A1E7A4F7556}") = "FShop.RazorPage", "FShop.RazorPage\FShop.RazorPage.csproj", "{36DB7097-1340-4FF9-B05E-40716D94709D}"
EndProject
Global
	GlobalSection(SolutionConfigurationPlatforms) = preSolution
		Debug|Any CPU = Debug|Any CPU
		Release|Any CPU = Release|Any CPU
	EndGlobalSection
	GlobalSection(ProjectConfigurationPlatforms) = postSolution
		{36DB7097-1340-4FF9-B05E-40716D94709D}.Debug|Any CPU.ActiveCfg = Debug|Any CPU
		{36DB7097-1340-4FF9-B05E-40716D94709D}.Debug|Any CPU.Build.0 = Debug|Any CPU
		{36DB7097-1340-4FF9-B05E-40716D94709D}.Release|Any CPU.ActiveCfg = Release|Any CPU
		{36DB7097-1340-4FF9-B05E-40716D94709D}.Release|Any CPU.Build.0 = Release|Any CPU
	EndGlobalSection
	GlobalSection(SolutionProperties) = preSolution
		HideSolutionNode = FALSE
	EndGlobalSection
	GlobalSection(ExtensibilityGlobals) = postSolution
		SolutionGuid = {8028E60F-5829-4CB4-BB90-F5A86F87F943}
	EndGlobalSection
EndGlobal
